{
  "name": "content-generator",
  "lockfileVersion": 2,
  "requires": true,
  "packages": {
    "": {
      "dependencies": {
        "ts-postgres": "^1.2.0"
      }
    },
    "node_modules/ts-postgres": {
      "version": "1.2.0",
      "resolved": "https://registry.npmjs.org/ts-postgres/-/ts-postgres-1.2.0.tgz",
      "integrity": "sha512-Z09EkStjlzJ601dVffXa0ZP5Sc5NUOsBKR8BfCZjOyxSHEbBy99kzIXWvF7VaLcmtrSORLS15ZSeCrd+5lTfYQ==",
      "dependencies": {
        "ts-typed-events": "^2.0.1"
      },
      "engines": {
        "node": ">=10.7.0"
      }
    },
    "node_modules/ts-typed-events": {
      "version": "2.0.1",
      "resolved": "https://registry.npmjs.org/ts-typed-events/-/ts-typed-events-2.0.1.tgz",
      "integrity": "sha512-7V+vCn52mZVSe+udf0L2SRkvs8BquF7xOtVktJsiyz3IGgcAhHwp3aetPcrxT5Xq23Bb/tBX0azQ6BBvPVytZg=="
    }
  },
  "dependencies": {
    "ts-postgres": {
      "version": "1.2.0",
      "resolved": "https://registry.npmjs.org/ts-postgres/-/ts-postgres-1.2.0.tgz",
      "integrity": "sha512-Z09EkStjlzJ601dVffXa0ZP5Sc5NUOsBKR8BfCZjOyxSHEbBy99kzIXWvF7VaLcmtrSORLS15ZSeCrd+5lTfYQ==",
      "requires": {
        "ts-typed-events": "^2.0.1"
      }
    },
    "ts-typed-events": {
      "version": "2.0.1",
      "resolved": "https://registry.npmjs.org/ts-typed-events/-/ts-typed-events-2.0.1.tgz",
      "integrity": "sha512-7V+vCn52mZVSe+udf0L2SRkvs8BquF7xOtVktJsiyz3IGgcAhHwp3aetPcrxT5Xq23Bb/tBX0azQ6BBvPVytZg=="
    }
  }
}
